
Microsoft Visual Studio Solution File, Format Version 12.00
# Visual Studio Version 17
VisualStudioVersion = 17.5.33530.505
MinimumVisualStudioVersion = 10.0.40219.1
Project("{9A19103F-16F7-4668-BE54-9A1E7A4F7556}") = "AzGitOps", "AzGitOps\AzGitOps.csproj", "{7356A2A9-8E21-407E-86D3-7349E8C941D8}"
EndProject
Project("{9A19103F-16F7-4668-BE54-9A1E7A4F7556}") = "WhatIf.Model", "WhatIf.Model\WhatIf.Model.csproj", "{A9CE671F-E7AA-49DD-9B33-CAD017D5C536}"
EndProject
Global
	GlobalSection(SolutionConfigurationPlatforms) = preSolution
		Debug|Any CPU = Debug|Any CPU
		Release|Any CPU = Release|Any CPU
	EndGlobalSection
	GlobalSection(ProjectConfigurationPlatforms) = postSolution
		{7356A2A9-8E21-407E-86D3-7349E8C941D8}.Debug|Any CPU.ActiveCfg = Debug|Any CPU
		{7356A2A9-8E21-407E-86D3-7349E8C941D8}.Debug|Any CPU.Build.0 = Debug|Any CPU
		{7356A2A9-8E21-407E-86D3-7349E8C941D8}.Release|Any CPU.ActiveCfg = Release|Any CPU
		{7356A2A9-8E21-407E-86D3-7349E8C941D8}.Release|Any CPU.Build.0 = Release|Any CPU
		{A9CE671F-E7AA-49DD-9B33-CAD017D5C536}.Debug|Any CPU.ActiveCfg = Debug|Any CPU
		{A9CE671F-E7AA-49DD-9B33-CAD017D5C536}.Debug|Any CPU.Build.0 = Debug|Any CPU
		{A9CE671F-E7AA-49DD-9B33-CAD017D5C536}.Release|Any CPU.ActiveCfg = Release|Any CPU
		{A9CE671F-E7AA-49DD-9B33-CAD017D5C536}.Release|Any CPU.Build.0 = Release|Any CPU
	EndGlobalSection
	GlobalSection(SolutionProperties) = preSolution
		HideSolutionNode = FALSE
	EndGlobalSection
	GlobalSection(ExtensibilityGlobals) = postSolution
		SolutionGuid = {49C609B7-3C3E-416B-98D9-782709BE2E2D}
	EndGlobalSection
EndGlobal
